// !$*UTF8*$!
{
	archiveVersion = 1;
	classes = {
	};
	objectVersion = 56;
	objects = {

/* Begin PBXBuildFile section */
		811AB6092B862B3A000F1B0C /* Card.cpp in Sources */ = {isa = PBXBuildFile; fileRef = 811AB6072B862B3A000F1B0C /* Card.cpp */; };
		811AB60C2B86338D000F1B0C /* Deck.cpp in Sources */ = {isa = PBXBuildFile; fileRef = 811AB60A2B86338D000F1B0C /* Deck.cpp */; };
		8199E8FC2B84DCBD00D0F491 /* main.cpp in Sources */ = {isa = PBXBuildFile; fileRef = 8199E8FB2B84DCBD00D0F491 /* main.cpp */; };
		8199E9042B84DCCB00D0F491 /* SDL2.framework in Frameworks */ = {isa = PBXBuildFile; fileRef = 8199E9032B84DCCB00D0F491 /* SDL2.framework */; };
		8199E9062B84DCD400D0F491 /* SDL2_image.framework in Frameworks */ = {isa = PBXBuildFile; fileRef = 8199E9052B84DCD400D0F491 /* SDL2_image.framework */; };
		8199E9082B84DCE000D0F491 /* SDL2_ttf.framework in Frameworks */ = {isa = PBXBuildFile; fileRef = 8199E9072B84DCE000D0F491 /* SDL2_ttf.framework */; };
		8199E90B2B84DD0B00D0F491 /* Game.cpp in Sources */ = {isa = PBXBuildFile; fileRef = 8199E9092B84DD0B00D0F491 /* Game.cpp */; };
/* End PBXBuildFile section */

/* Begin PBXCopyFilesBuildPhase section */
		8199E8F62B84DCBD00D0F491 /* CopyFiles */ = {
			isa = PBXCopyFilesBuildPhase;
			buildActionMask = 2147483647;
			dstPath = /usr/share/man/man1/;
			dstSubfolderSpec = 0;
			files = (
			);
			runOnlyForDeploymentPostprocessing = 1;
		};
/* End PBXCopyFilesBuildPhase section */

/* Begin PBXFileReference section */
		811AB6072B862B3A000F1B0C /* Card.cpp */ = {isa = PBXFileReference; lastKnownFileType = sourcecode.cpp.cpp; path = Card.cpp; sourceTree = "<group>"; };
		811AB6082B862B3A000F1B0C /* Card.hpp */ = {isa = PBXFileReference; lastKnownFileType = sourcecode.cpp.h; path = Card.hpp; sourceTree = "<group>"; };
		811AB60A2B86338D000F1B0C /* Deck.cpp */ = {isa = PBXFileReference; lastKnownFileType = sourcecode.cpp.cpp; path = Deck.cpp; sourceTree = "<group>"; };
		811AB60B2B86338D000F1B0C /* Deck.hpp */ = {isa = PBXFileReference; lastKnownFileType = sourcecode.cpp.h; path = Deck.hpp; sourceTree = "<group>"; };
		8199E8F82B84DCBD00D0F491 /* MemoryGame */ = {isa = PBXFileReference; explicitFileType = "compiled.mach-o.executable"; includeInIndex = 0; path = MemoryGame; sourceTree = BUILT_PRODUCTS_DIR; };
		8199E8FB2B84DCBD00D0F491 /* main.cpp */ = {isa = PBXFileReference; lastKnownFileType = sourcecode.cpp.cpp; path = main.cpp; sourceTree = "<group>"; };
		8199E9032B84DCCB00D0F491 /* SDL2.framework */ = {isa = PBXFileReference; lastKnownFileType = wrapper.framework; name = SDL2.framework; path = ../../../../Library/Frameworks/SDL2.framework; sourceTree = "<group>"; };
		8199E9052B84DCD400D0F491 /* SDL2_image.framework */ = {isa = PBXFileReference; lastKnownFileType = wrapper.framework; name = SDL2_image.framework; path = ../../../../Library/Frameworks/SDL2_image.framework; sourceTree = "<group>"; };
		8199E9072B84DCE000D0F491 /* SDL2_ttf.framework */ = {isa = PBXFileReference; lastKnownFileType = wrapper.framework; name = SDL2_ttf.framework; path = ../../../../Library/Frameworks/SDL2_ttf.framework; sourceTree = "<group>"; };
		8199E9092B84DD0B00D0F491 /* Game.cpp */ = {isa = PBXFileReference; lastKnownFileType = sourcecode.cpp.cpp; path = Game.cpp; sourceTree = "<group>"; };
		8199E90A2B84DD0B00D0F491 /* Game.hpp */ = {isa = PBXFileReference; lastKnownFileType = sourcecode.cpp.h; path = Game.hpp; sourceTree = "<group>"; };
/* End PBXFileReference section */

/* Begin PBXFrameworksBuildPhase section */
		8199E8F52B84DCBD00D0F491 /* Frameworks */ = {
			isa = PBXFrameworksBuildPhase;
			buildActionMask = 2147483647;
			files = (
				8199E9082B84DCE000D0F491 /* SDL2_ttf.framework in Frameworks */,
				8199E9062B84DCD400D0F491 /* SDL2_image.framework in Frameworks */,
				8199E9042B84DCCB00D0F491 /* SDL2.framework in Frameworks */,
			);
			runOnlyForDeploymentPostprocessing = 0;
		};
/* End PBXFrameworksBuildPhase section */

/* Begin PBXGroup section */
		8199E8EF2B84DCBD00D0F491 = {
			isa = PBXGroup;
			children = (
				8199E8FA2B84DCBD00D0F491 /* MemoryGame */,
				8199E8F92B84DCBD00D0F491 /* Products */,
				8199E9022B84DCCB00D0F491 /* Frameworks */,
			);
			sourceTree = "<group>";
		};
		8199E8F92B84DCBD00D0F491 /* Products */ = {
			isa = PBXGroup;
			children = (
				8199E8F82B84DCBD00D0F491 /* MemoryGame */,
			);
			name = Products;
			sourceTree = "<group>";
		};
		8199E8FA2B84DCBD00D0F491 /* MemoryGame */ = {
			isa = PBXGroup;
			children = (
				811AB60A2B86338D000F1B0C /* Deck.cpp */,
				811AB60B2B86338D000F1B0C /* Deck.hpp */,
				811AB6072B862B3A000F1B0C /* Card.cpp */,
				811AB6082B862B3A000F1B0C /* Card.hpp */,
				8199E9092B84DD0B00D0F491 /* Game.cpp */,
				8199E90A2B84DD0B00D0F491 /* Game.hpp */,
				8199E8FB2B84DCBD00D0F491 /* main.cpp */,
			);
			path = MemoryGame;
			sourceTree = "<group>";
		};
		8199E9022B84DCCB00D0F491 /* Frameworks */ = {
			isa = PBXGroup;
			children = (
				8199E9072B84DCE000D0F491 /* SDL2_ttf.framework */,
				8199E9052B84DCD400D0F491 /* SDL2_image.framework */,
				8199E9032B84DCCB00D0F491 /* SDL2.framework */,
			);
			name = Frameworks;
			sourceTree = "<group>";
		};
/* End PBXGroup section */

/* Begin PBXNativeTarget section */
		8199E8F72B84DCBD00D0F491 /* MemoryGame */ = {
			isa = PBXNativeTarget;
			buildConfigurationList = 8199E8FF2B84DCBD00D0F491 /* Build configuration list for PBXNativeTarget "MemoryGame" */;
			buildPhases = (
				8199E8F42B84DCBD00D0F491 /* Sources */,
				8199E8F52B84DCBD00D0F491 /* Frameworks */,
				8199E8F62B84DCBD00D0F491 /* CopyFiles */,
			);
			buildRules = (
			);
			dependencies = (
			);
			name = MemoryGame;
			productName = MemoryGame;
			productReference = 8199E8F82B84DCBD00D0F491 /* MemoryGame */;
			productType = "com.apple.product-type.tool";
		};
/* End PBXNativeTarget section */

/* Begin PBXProject section */
		8199E8F02B84DCBD00D0F491 /* Project object */ = {
			isa = PBXProject;
			attributes = {
				BuildIndependentTargetsInParallel = 1;
				LastUpgradeCheck = 1430;
				TargetAttributes = {
					8199E8F72B84DCBD00D0F491 = {
						CreatedOnToolsVersion = 14.3.1;
					};
				};
			};
			buildConfigurationList = 8199E8F32B84DCBD00D0F491 /* Build configuration list for PBXProject "MemoryGame" */;
			compatibilityVersion = "Xcode 14.0";
			developmentRegion = en;
			hasScannedForEncodings = 0;
			knownRegions = (
				en,
				Base,
			);
			mainGroup = 8199E8EF2B84DCBD00D0F491;
			productRefGroup = 8199E8F92B84DCBD00D0F491 /* Products */;
			projectDirPath = "";
			projectRoot = "";
			targets = (
				8199E8F72B84DCBD00D0F491 /* MemoryGame */,
			);
		};
/* End PBXProject section */

/* Begin PBXSourcesBuildPhase section */
		8199E8F42B84DCBD00D0F491 /* Sources */ = {
			isa = PBXSourcesBuildPhase;
			buildActionMask = 2147483647;
			files = (
				811AB60C2B86338D000F1B0C /* Deck.cpp in Sources */,
				8199E8FC2B84DCBD00D0F491 /* main.cpp in Sources */,
				8199E90B2B84DD0B00D0F491 /* Game.cpp in Sources */,
				811AB6092B862B3A000F1B0C /* Card.cpp in Sources */,
			);
			runOnlyForDeploymentPostprocessing = 0;
		};
/* End PBXSourcesBuildPhase section */

/* Begin XCBuildConfiguration section */
		8199E8FD2B84DCBD00D0F491 /* Debug */ = {
			isa = XCBuildConfiguration;
			buildSettings = {
				ALWAYS_SEARCH_USER_PATHS = NO;
				CLANG_ANALYZER_NONNULL = YES;
				CLANG_ANALYZER_NUMBER_OBJECT_CONVERSION = YES_AGGRESSIVE;
				CLANG_CXX_LANGUAGE_STANDARD = "gnu++20";
				CLANG_ENABLE_MODULES = YES;
				CLANG_ENABLE_OBJC_ARC = YES;
				CLANG_ENABLE_OBJC_WEAK = YES;
				CLANG_WARN_BLOCK_CAPTURE_AUTORELEASING = YES;
				CLANG_WARN_BOOL_CONVERSION = YES;
				CLANG_WARN_COMMA = YES;
				CLANG_WARN_CONSTANT_CONVERSION = YES;
				CLANG_WARN_DEPRECATED_OBJC_IMPLEMENTATIONS = YES;
				CLANG_WARN_DIRECT_OBJC_ISA_USAGE = YES_ERROR;
				CLANG_WARN_DOCUMENTATION_COMMENTS = YES;
				CLANG_WARN_EMPTY_BODY = YES;
				CLANG_WARN_ENUM_CONVERSION = YES;
				CLANG_WARN_INFINITE_RECURSION = YES;
				CLANG_WARN_INT_CONVERSION = YES;
				CLANG_WARN_NON_LITERAL_NULL_CONVERSION = YES;
				CLANG_WARN_OBJC_IMPLICIT_RETAIN_SELF = YES;
				CLANG_WARN_OBJC_LITERAL_CONVERSION = YES;
				CLANG_WARN_OBJC_ROOT_CLASS = YES_ERROR;
				CLANG_WARN_QUOTED_INCLUDE_IN_FRAMEWORK_HEADER = YES;
				CLANG_WARN_RANGE_LOOP_ANALYSIS = YES;
				CLANG_WARN_STRICT_PROTOTYPES = YES;
				CLANG_WARN_SUSPICIOUS_MOVE = YES;
				CLANG_WARN_UNGUARDED_AVAILABILITY = YES_AGGRESSIVE;
				CLANG_WARN_UNREACHABLE_CODE = YES;
				CLANG_WARN__DUPLICATE_METHOD_MATCH = YES;
				COPY_PHASE_STRIP = NO;
				DEBUG_INFORMATION_FORMAT = dwarf;
				ENABLE_STRICT_OBJC_MSGSEND = YES;
				ENABLE_TESTABILITY = YES;
				GCC_C_LANGUAGE_STANDARD = gnu11;
				GCC_DYNAMIC_NO_PIC = NO;
				GCC_NO_COMMON_BLOCKS = YES;
				GCC_OPTIMIZATION_LEVEL = 0;
				GCC_PREPROCESSOR_DEFINITIONS = (
					"DEBUG=1",
					"$(inherited)",
				);
				GCC_WARN_64_TO_32_BIT_CONVERSION = YES;
				GCC_WARN_ABOUT_RETURN_TYPE = YES_ERROR;
				GCC_WARN_UNDECLARED_SELECTOR = YES;
				GCC_WARN_UNINITIALIZED_AUTOS = YES_AGGRESSIVE;
				GCC_WARN_UNUSED_FUNCTION = YES;
				GCC_WARN_UNUSED_VARIABLE = YES;
				MACOSX_DEPLOYMENT_TARGET = 13.2;
				MTL_ENABLE_DEBUG_INFO = INCLUDE_SOURCE;
				MTL_FAST_MATH = YES;
				ONLY_ACTIVE_ARCH = YES;
				SDKROOT = macosx;
			};
			name = Debug;
		};
		8199E8FE2B84DCBD00D0F491 /* Release */ = {
			isa = XCBuildConfiguration;
			buildSettings = {
				ALWAYS_SEARCH_USER_PATHS = NO;
				CLANG_ANALYZER_NONNULL = YES;
				CLANG_ANALYZER_NUMBER_OBJECT_CONVERSION = YES_AGGRESSIVE;
				CLANG_CXX_LANGUAGE_STANDARD = "gnu++20";
				CLANG_ENABLE_MODULES = YES;
				CLANG_ENABLE_OBJC_ARC = YES;
				CLANG_ENABLE_OBJC_WEAK = YES;
				CLANG_WARN_BLOCK_CAPTURE_AUTORELEASING = YES;
				CLANG_WARN_BOOL_CONVERSION = YES;
				CLANG_WARN_COMMA = YES;
				CLANG_WARN_CONSTANT_CONVERSION = YES;
				CLANG_WARN_DEPRECATED_OBJC_IMPLEMENTATIONS = YES;
				CLANG_WARN_DIRECT_OBJC_ISA_USAGE = YES_ERROR;
				CLANG_WARN_DOCUMENTATION_COMMENTS = YES;
				CLANG_WARN_EMPTY_BODY = YES;
				CLANG_WARN_ENUM_CONVERSION = YES;
				CLANG_WARN_INFINITE_RECURSION = YES;
				CLANG_WARN_INT_CONVERSION = YES;
				CLANG_WARN_NON_LITERAL_NULL_CONVERSION = YES;
				CLANG_WARN_OBJC_IMPLICIT_RETAIN_SELF = YES;
				CLANG_WARN_OBJC_LITERAL_CONVERSION = YES;
				CLANG_WARN_OBJC_ROOT_CLASS = YES_ERROR;
				CLANG_WARN_QUOTED_INCLUDE_IN_FRAMEWORK_HEADER = YES;
				CLANG_WARN_RANGE_LOOP_ANALYSIS = YES;
				CLANG_WARN_STRICT_PROTOTYPES = YES;
				CLANG_WARN_SUSPICIOUS_MOVE = YES;
				CLANG_WARN_UNGUARDED_AVAILABILITY = YES_AGGRESSIVE;
				CLANG_WARN_UNREACHABLE_CODE = YES;
				CLANG_WARN__DUPLICATE_METHOD_MATCH = YES;
				COPY_PHASE_STRIP = NO;
				DEBUG_INFORMATION_FORMAT = "dwarf-with-dsym";
				ENABLE_NS_ASSERTIONS = NO;
				ENABLE_STRICT_OBJC_MSGSEND = YES;
				GCC_C_LANGUAGE_STANDARD = gnu11;
				GCC_NO_COMMON_BLOCKS = YES;
				GCC_WARN_64_TO_32_BIT_CONVERSION = YES;
				GCC_WARN_ABOUT_RETURN_TYPE = YES_ERROR;
				GCC_WARN_UNDECLARED_SELECTOR = YES;
				GCC_WARN_UNINITIALIZED_AUTOS = YES_AGGRESSIVE;
				GCC_WARN_UNUSED_FUNCTION = YES;
				GCC_WARN_UNUSED_VARIABLE = YES;
				MACOSX_DEPLOYMENT_TARGET = 13.2;
				MTL_ENABLE_DEBUG_INFO = NO;
				MTL_FAST_MATH = YES;
				SDKROOT = macosx;
			};
			name = Release;
		};
		8199E9002B84DCBD00D0F491 /* Debug */ = {
			isa = XCBuildConfiguration;
			buildSettings = {
				CODE_SIGN_STYLE = Automatic;
				FRAMEWORK_SEARCH_PATHS = (
					"$(inherited)",
					"$(LOCAL_LIBRARY_DIR)/Frameworks",
				);
				PRODUCT_NAME = "$(TARGET_NAME)";
			};
			name = Debug;
		};
		8199E9012B84DCBD00D0F491 /* Release */ = {
			isa = XCBuildConfiguration;
			buildSettings = {
				CODE_SIGN_STYLE = Automatic;
				FRAMEWORK_SEARCH_PATHS = (
					"$(inherited)",
					"$(LOCAL_LIBRARY_DIR)/Frameworks",
				);
				PRODUCT_NAME = "$(TARGET_NAME)";
			};
			name = Release;
		};
/* End XCBuildConfiguration section */

/* Begin XCConfigurationList section */
		8199E8F32B84DCBD00D0F491 /* Build configuration list for PBXProject "MemoryGame" */ = {
			isa = XCConfigurationList;
			buildConfigurations = (
				8199E8FD2B84DCBD00D0F491 /* Debug */,
				8199E8FE2B84DCBD00D0F491 /* Release */,
			);
			defaultConfigurationIsVisible = 0;
			defaultConfigurationName = Release;
		};
		8199E8FF2B84DCBD00D0F491 /* Build configuration list for PBXNativeTarget "MemoryGame" */ = {
			isa = XCConfigurationList;
			buildConfigurations = (
				8199E9002B84DCBD00D0F491 /* Debug */,
				8199E9012B84DCBD00D0F491 /* Release */,
			);
			defaultConfigurationIsVisible = 0;
			defaultConfigurationName = Release;
		};
/* End XCConfigurationList section */
	};
	rootObject = 8199E8F02B84DCBD00D0F491 /* Project object */;
}
